
Microsoft Visual Studio Solution File, Format Version 12.00
# Visual Studio Version 16
VisualStudioVersion = 16.0.30128.74
MinimumVisualStudioVersion = 10.0.40219.1
Project("{8BC9CEB8-8B4A-11D0-8D11-00A0C91BC942}") = "Sample Multithread C Program", "Sample Multithread C Program.vcxproj", "{EFE4F75F-F81F-4DE2-9935-A7CBA7B05A94}"
EndProject
Global
	GlobalSection(SolutionConfigurationPlatforms) = preSolution
		Debug|x64 = Debug|x64
		Debug|x86 = Debug|x86
		Release|x64 = Release|x64
		Release|x86 = Release|x86
	EndGlobalSection
	GlobalSection(ProjectConfigurationPlatforms) = postSolution
		{EFE4F75F-F81F-4DE2-9935-A7CBA7B05A94}.Debug|x64.ActiveCfg = Debug|x64
		{EFE4F75F-F81F-4DE2-9935-A7CBA7B05A94}.Debug|x64.Build.0 = Debug|x64
		{EFE4F75F-F81F-4DE2-9935-A7CBA7B05A94}.Debug|x86.ActiveCfg = Debug|Win32
		{EFE4F75F-F81F-4DE2-9935-A7CBA7B05A94}.Debug|x86.Build.0 = Debug|Win32
		{EFE4F75F-F81F-4DE2-9935-A7CBA7B05A94}.Release|x64.ActiveCfg = Release|x64
		{EFE4F75F-F81F-4DE2-9935-A7CBA7B05A94}.Release|x64.Build.0 = Release|x64
		{EFE4F75F-F81F-4DE2-9935-A7CBA7B05A94}.Release|x86.ActiveCfg = Release|Win32
		{EFE4F75F-F81F-4DE2-9935-A7CBA7B05A94}.Release|x86.Build.0 = Release|Win32
	EndGlobalSection
	GlobalSection(SolutionProperties) = preSolution
		HideSolutionNode = FALSE
	EndGlobalSection
	GlobalSection(ExtensibilityGlobals) = postSolution
		SolutionGuid = {A2C2748B-FE9B-4DF8-863B-0CD559AFA6DB}
	EndGlobalSection
EndGlobal
